// !$*UTF8*$!
{
	archiveVersion = 1;
	classes = {
	};
	objectVersion = 50;
	objects = {

/* Begin PBXBuildFile section */
		239650D424E43EAF0057282B /* AppDelegate.swift in Sources */ = {isa = PBXBuildFile; fileRef = 239650D324E43EAF0057282B /* AppDelegate.swift */; };
		239650D624E43EAF0057282B /* SceneDelegate.swift in Sources */ = {isa = PBXBuildFile; fileRef = 239650D524E43EAF0057282B /* SceneDelegate.swift */; };
		239650D824E43EAF0057282B /* ViewController.swift in Sources */ = {isa = PBXBuildFile; fileRef = 239650D724E43EAF0057282B /* ViewController.swift */; };
		239650DB24E43EAF0057282B /* Main.storyboard in Resources */ = {isa = PBXBuildFile; fileRef = 239650D924E43EAF0057282B /* Main.storyboard */; };
		239650DD24E43EB20057282B /* Assets.xcassets in Resources */ = {isa = PBXBuildFile; fileRef = 239650DC24E43EB20057282B /* Assets.xcassets */; };
		239650E024E43EB20057282B /* LaunchScreen.storyboard in Resources */ = {isa = PBXBuildFile; fileRef = 239650DE24E43EB20057282B /* LaunchScreen.storyboard */; };
		239650E824E448030057282B /* Util.swift in Sources */ = {isa = PBXBuildFile; fileRef = 239650E724E448030057282B /* Util.swift */; };
		239650EA24E44A5B0057282B /* CustomCell.swift in Sources */ = {isa = PBXBuildFile; fileRef = 239650E924E44A5B0057282B /* CustomCell.swift */; };
/* End PBXBuildFile section */

/* Begin PBXFileReference section */
		239650D024E43EAF0057282B /* BLE_East_West_Project.app */ = {isa = PBXFileReference; explicitFileType = wrapper.application; includeInIndex = 0; path = BLE_East_West_Project.app; sourceTree = BUILT_PRODUCTS_DIR; };
		239650D324E43EAF0057282B /* AppDelegate.swift */ = {isa = PBXFileReference; lastKnownFileType = sourcecode.swift; path = AppDelegate.swift; sourceTree = "<group>"; };
		239650D524E43EAF0057282B /* SceneDelegate.swift */ = {isa = PBXFileReference; lastKnownFileType = sourcecode.swift; path = SceneDelegate.swift; sourceTree = "<group>"; };
		239650D724E43EAF0057282B /* ViewController.swift */ = {isa = PBXFileReference; lastKnownFileType = sourcecode.swift; path = ViewController.swift; sourceTree = "<group>"; };
		239650DA24E43EAF0057282B /* Base */ = {isa = PBXFileReference; lastKnownFileType = file.storyboard; name = Base; path = Base.lproj/Main.storyboard; sourceTree = "<group>"; };
		239650DC24E43EB20057282B /* Assets.xcassets */ = {isa = PBXFileReference; lastKnownFileType = folder.assetcatalog; path = Assets.xcassets; sourceTree = "<group>"; };
		239650DF24E43EB20057282B /* Base */ = {isa = PBXFileReference; lastKnownFileType = file.storyboard; name = Base; path = Base.lproj/LaunchScreen.storyboard; sourceTree = "<group>"; };
		239650E124E43EB20057282B /* Info.plist */ = {isa = PBXFileReference; lastKnownFileType = text.plist.xml; path = Info.plist; sourceTree = "<group>"; };
		239650E724E448030057282B /* Util.swift */ = {isa = PBXFileReference; lastKnownFileType = sourcecode.swift; path = Util.swift; sourceTree = "<group>"; };
		239650E924E44A5B0057282B /* CustomCell.swift */ = {isa = PBXFileReference; lastKnownFileType = sourcecode.swift; path = CustomCell.swift; sourceTree = "<group>"; };
/* End PBXFileReference section */

/* Begin PBXFrameworksBuildPhase section */
		239650CD24E43EAF0057282B /* Frameworks */ = {
			isa = PBXFrameworksBuildPhase;
			buildActionMask = 2147483647;
			files = (
			);
			runOnlyForDeploymentPostprocessing = 0;
		};
/* End PBXFrameworksBuildPhase section */

/* Begin PBXGroup section */
		239650C724E43EAF0057282B = {
			isa = PBXGroup;
			children = (
				239650D224E43EAF0057282B /* BLE_East_West_Project */,
				239650D124E43EAF0057282B /* Products */,
			);
			sourceTree = "<group>";
		};
		239650D124E43EAF0057282B /* Products */ = {
			isa = PBXGroup;
			children = (
				239650D024E43EAF0057282B /* BLE_East_West_Project.app */,
			);
			name = Products;
			sourceTree = "<group>";
		};
		239650D224E43EAF0057282B /* BLE_East_West_Project */ = {
			isa = PBXGroup;
			children = (
				239650D324E43EAF0057282B /* AppDelegate.swift */,
				239650D524E43EAF0057282B /* SceneDelegate.swift */,
				239650D724E43EAF0057282B /* ViewController.swift */,
				239650D924E43EAF0057282B /* Main.storyboard */,
				239650DC24E43EB20057282B /* Assets.xcassets */,
				239650DE24E43EB20057282B /* LaunchScreen.storyboard */,
				239650E124E43EB20057282B /* Info.plist */,
				239650E724E448030057282B /* Util.swift */,
				239650E924E44A5B0057282B /* CustomCell.swift */,
			);
			path = BLE_East_West_Project;
			sourceTree = "<group>";
		};
/* End PBXGroup section */

/* Begin PBXNativeTarget section */
		239650CF24E43EAF0057282B /* BLE_East_West_Project */ = {
			isa = PBXNativeTarget;
			buildConfigurationList = 239650E424E43EB20057282B /* Build configuration list for PBXNativeTarget "BLE_East_West_Project" */;
			buildPhases = (
				239650CC24E43EAF0057282B /* Sources */,
				239650CD24E43EAF0057282B /* Frameworks */,
				239650CE24E43EAF0057282B /* Resources */,
			);
			buildRules = (
			);
			dependencies = (
			);
			name = BLE_East_West_Project;
			productName = BLE_East_West_Project;
			productReference = 239650D024E43EAF0057282B /* BLE_East_West_Project.app */;
			productType = "com.apple.product-type.application";
		};
/* End PBXNativeTarget section */

/* Begin PBXProject section */
		239650C824E43EAF0057282B /* Project object */ = {
			isa = PBXProject;
			attributes = {
				LastSwiftUpdateCheck = 1140;
				LastUpgradeCheck = 1140;
				ORGANIZATIONNAME = Harman;
				TargetAttributes = {
					239650CF24E43EAF0057282B = {
						CreatedOnToolsVersion = 11.4;
					};
				};
			};
			buildConfigurationList = 239650CB24E43EAF0057282B /* Build configuration list for PBXProject "BLE_East_West_Project" */;
			compatibilityVersion = "Xcode 9.3";
			developmentRegion = en;
			hasScannedForEncodings = 0;
			knownRegions = (
				en,
				Base,
			);
			mainGroup = 239650C724E43EAF0057282B;
			productRefGroup = 239650D124E43EAF0057282B /* Products */;
			projectDirPath = "";
			projectRoot = "";
			targets = (
				239650CF24E43EAF0057282B /* BLE_East_West_Project */,
			);
		};
/* End PBXProject section */

/* Begin PBXResourcesBuildPhase section */
		239650CE24E43EAF0057282B /* Resources */ = {
			isa = PBXResourcesBuildPhase;
			buildActionMask = 2147483647;
			files = (
				239650E024E43EB20057282B /* LaunchScreen.storyboard in Resources */,
				239650DD24E43EB20057282B /* Assets.xcassets in Resources */,
				239650DB24E43EAF0057282B /* Main.storyboard in Resources */,
			);
			runOnlyForDeploymentPostprocessing = 0;
		};
/* End PBXResourcesBuildPhase section */

/* Begin PBXSourcesBuildPhase section */
		239650CC24E43EAF0057282B /* Sources */ = {
			isa = PBXSourcesBuildPhase;
			buildActionMask = 2147483647;
			files = (
				239650D824E43EAF0057282B /* ViewController.swift in Sources */,
				239650D424E43EAF0057282B /* AppDelegate.swift in Sources */,
				239650EA24E44A5B0057282B /* CustomCell.swift in Sources */,
				239650D624E43EAF0057282B /* SceneDelegate.swift in Sources */,
				239650E824E448030057282B /* Util.swift in Sources */,
			);
			runOnlyForDeploymentPostprocessing = 0;
		};
/* End PBXSourcesBuildPhase section */

/* Begin PBXVariantGroup section */
		239650D924E43EAF0057282B /* Main.storyboard */ = {
			isa = PBXVariantGroup;
			children = (
				239650DA24E43EAF0057282B /* Base */,
			);
			name = Main.storyboard;
			sourceTree = "<group>";
		};
		239650DE24E43EB20057282B /* LaunchScreen.storyboard */ = {
			isa = PBXVariantGroup;
			children = (
				239650DF24E43EB20057282B /* Base */,
			);
			name = LaunchScreen.storyboard;
			sourceTree = "<group>";
		};
/* End PBXVariantGroup section */

/* Begin XCBuildConfiguration section */
		239650E224E43EB20057282B /* Debug */ = {
			isa = XCBuildConfiguration;
			buildSettings = {
				ALWAYS_SEARCH_USER_PATHS = NO;
				CLANG_ANALYZER_NONNULL = YES;
				CLANG_ANALYZER_NUMBER_OBJECT_CONVERSION = YES_AGGRESSIVE;
				CLANG_CXX_LANGUAGE_STANDARD = "gnu++14";
				CLANG_CXX_LIBRARY = "libc++";
				CLANG_ENABLE_MODULES = YES;
				CLANG_ENABLE_OBJC_ARC = YES;
				CLANG_ENABLE_OBJC_WEAK = YES;
				CLANG_WARN_BLOCK_CAPTURE_AUTORELEASING = YES;
				CLANG_WARN_BOOL_CONVERSION = YES;
				CLANG_WARN_COMMA = YES;
				CLANG_WARN_CONSTANT_CONVERSION = YES;
				CLANG_WARN_DEPRECATED_OBJC_IMPLEMENTATIONS = YES;
				CLANG_WARN_DIRECT_OBJC_ISA_USAGE = YES_ERROR;
				CLANG_WARN_DOCUMENTATION_COMMENTS = YES;
				CLANG_WARN_EMPTY_BODY = YES;
				CLANG_WARN_ENUM_CONVERSION = YES;
				CLANG_WARN_INFINITE_RECURSION = YES;
				CLANG_WARN_INT_CONVERSION = YES;
				CLANG_WARN_NON_LITERAL_NULL_CONVERSION = YES;
				CLANG_WARN_OBJC_IMPLICIT_RETAIN_SELF = YES;
				CLANG_WARN_OBJC_LITERAL_CONVERSION = YES;
				CLANG_WARN_OBJC_ROOT_CLASS = YES_ERROR;
				CLANG_WARN_RANGE_LOOP_ANALYSIS = YES;
				CLANG_WARN_STRICT_PROTOTYPES = YES;
				CLANG_WARN_SUSPICIOUS_MOVE = YES;
				CLANG_WARN_UNGUARDED_AVAILABILITY = YES_AGGRESSIVE;
				CLANG_WARN_UNREACHABLE_CODE = YES;
				CLANG_WARN__DUPLICATE_METHOD_MATCH = YES;
				COPY_PHASE_STRIP = NO;
				DEBUG_INFORMATION_FORMAT = dwarf;
				ENABLE_STRICT_OBJC_MSGSEND = YES;
				ENABLE_TESTABILITY = YES;
				GCC_C_LANGUAGE_STANDARD = gnu11;
				GCC_DYNAMIC_NO_PIC = NO;
				GCC_NO_COMMON_BLOCKS = YES;
				GCC_OPTIMIZATION_LEVEL = 0;
				GCC_PREPROCESSOR_DEFINITIONS = (
					"DEBUG=1",
					"$(inherited)",
				);
				GCC_WARN_64_TO_32_BIT_CONVERSION = YES;
				GCC_WARN_ABOUT_RETURN_TYPE = YES_ERROR;
				GCC_WARN_UNDECLARED_SELECTOR = YES;
				GCC_WARN_UNINITIALIZED_AUTOS = YES_AGGRESSIVE;
				GCC_WARN_UNUSED_FUNCTION = YES;
				GCC_WARN_UNUSED_VARIABLE = YES;
				IPHONEOS_DEPLOYMENT_TARGET = 13.4;
				MTL_ENABLE_DEBUG_INFO = INCLUDE_SOURCE;
				MTL_FAST_MATH = YES;
				ONLY_ACTIVE_ARCH = YES;
				SDKROOT = iphoneos;
				SWIFT_ACTIVE_COMPILATION_CONDITIONS = DEBUG;
				SWIFT_OPTIMIZATION_LEVEL = "-Onone";
			};
			name = Debug;
		};
		239650E324E43EB20057282B /* Release */ = {
			isa = XCBuildConfiguration;
			buildSettings = {
				ALWAYS_SEARCH_USER_PATHS = NO;
				CLANG_ANALYZER_NONNULL = YES;
				CLANG_ANALYZER_NUMBER_OBJECT_CONVERSION = YES_AGGRESSIVE;
				CLANG_CXX_LANGUAGE_STANDARD = "gnu++14";
				CLANG_CXX_LIBRARY = "libc++";
				CLANG_ENABLE_MODULES = YES;
				CLANG_ENABLE_OBJC_ARC = YES;
				CLANG_ENABLE_OBJC_WEAK = YES;
				CLANG_WARN_BLOCK_CAPTURE_AUTORELEASING = YES;
				CLANG_WARN_BOOL_CONVERSION = YES;
				CLANG_WARN_COMMA = YES;
				CLANG_WARN_CONSTANT_CONVERSION = YES;
				CLANG_WARN_DEPRECATED_OBJC_IMPLEMENTATIONS = YES;
				CLANG_WARN_DIRECT_OBJC_ISA_USAGE = YES_ERROR;
				CLANG_WARN_DOCUMENTATION_COMMENTS = YES;
				CLANG_WARN_EMPTY_BODY = YES;
				CLANG_WARN_ENUM_CONVERSION = YES;
				CLANG_WARN_INFINITE_RECURSION = YES;
				CLANG_WARN_INT_CONVERSION = YES;
				CLANG_WARN_NON_LITERAL_NULL_CONVERSION = YES;
				CLANG_WARN_OBJC_IMPLICIT_RETAIN_SELF = YES;
				CLANG_WARN_OBJC_LITERAL_CONVERSION = YES;
				CLANG_WARN_OBJC_ROOT_CLASS = YES_ERROR;
				CLANG_WARN_RANGE_LOOP_ANALYSIS = YES;
				CLANG_WARN_STRICT_PROTOTYPES = YES;
				CLANG_WARN_SUSPICIOUS_MOVE = YES;
				CLANG_WARN_UNGUARDED_AVAILABILITY = YES_AGGRESSIVE;
				CLANG_WARN_UNREACHABLE_CODE = YES;
				CLANG_WARN__DUPLICATE_METHOD_MATCH = YES;
				COPY_PHASE_STRIP = NO;
				DEBUG_INFORMATION_FORMAT = "dwarf-with-dsym";
				ENABLE_NS_ASSERTIONS = NO;
				ENABLE_STRICT_OBJC_MSGSEND = YES;
				GCC_C_LANGUAGE_STANDARD = gnu11;
				GCC_NO_COMMON_BLOCKS = YES;
				GCC_WARN_64_TO_32_BIT_CONVERSION = YES;
				GCC_WARN_ABOUT_RETURN_TYPE = YES_ERROR;
				GCC_WARN_UNDECLARED_SELECTOR = YES;
				GCC_WARN_UNINITIALIZED_AUTOS = YES_AGGRESSIVE;
				GCC_WARN_UNUSED_FUNCTION = YES;
				GCC_WARN_UNUSED_VARIABLE = YES;
				IPHONEOS_DEPLOYMENT_TARGET = 13.4;
				MTL_ENABLE_DEBUG_INFO = NO;
				MTL_FAST_MATH = YES;
				SDKROOT = iphoneos;
				SWIFT_COMPILATION_MODE = wholemodule;
				SWIFT_OPTIMIZATION_LEVEL = "-O";
				VALIDATE_PRODUCT = YES;
			};
			name = Release;
		};
		239650E524E43EB20057282B /* Debug */ = {
			isa = XCBuildConfiguration;
			buildSettings = {
				ASSETCATALOG_COMPILER_APPICON_NAME = AppIcon;
				CODE_SIGN_STYLE = Automatic;
				DEVELOPMENT_TEAM = 6X6CQHW9G5;
				INFOPLIST_FILE = BLE_East_West_Project/Info.plist;
				IPHONEOS_DEPLOYMENT_TARGET = 11.0;
				LD_RUNPATH_SEARCH_PATHS = (
					"$(inherited)",
					"@executable_path/Frameworks",
				);
				PRODUCT_BUNDLE_IDENTIFIER = "com.harman.mcptt.BLE-East-West-Project";
				PRODUCT_NAME = "$(TARGET_NAME)";
				SWIFT_VERSION = 5.0;
				TARGETED_DEVICE_FAMILY = 1;
			};
			name = Debug;
		};
		239650E624E43EB20057282B /* Release */ = {
			isa = XCBuildConfiguration;
			buildSettings = {
				ASSETCATALOG_COMPILER_APPICON_NAME = AppIcon;
				CODE_SIGN_STYLE = Automatic;
				DEVELOPMENT_TEAM = 6X6CQHW9G5;
				INFOPLIST_FILE = BLE_East_West_Project/Info.plist;
				IPHONEOS_DEPLOYMENT_TARGET = 11.0;
				LD_RUNPATH_SEARCH_PATHS = (
					"$(inherited)",
					"@executable_path/Frameworks",
				);
				PRODUCT_BUNDLE_IDENTIFIER = "com.harman.mcptt.BLE-East-West-Project";
				PRODUCT_NAME = "$(TARGET_NAME)";
				SWIFT_VERSION = 5.0;
				TARGETED_DEVICE_FAMILY = 1;
			};
			name = Release;
		};
/* End XCBuildConfiguration section */

/* Begin XCConfigurationList section */
		239650CB24E43EAF0057282B /* Build configuration list for PBXProject "BLE_East_West_Project" */ = {
			isa = XCConfigurationList;
			buildConfigurations = (
				239650E224E43EB20057282B /* Debug */,
				239650E324E43EB20057282B /* Release */,
			);
			defaultConfigurationIsVisible = 0;
			defaultConfigurationName = Release;
		};
		239650E424E43EB20057282B /* Build configuration list for PBXNativeTarget "BLE_East_West_Project" */ = {
			isa = XCConfigurationList;
			buildConfigurations = (
				239650E524E43EB20057282B /* Debug */,
				239650E624E43EB20057282B /* Release */,
			);
			defaultConfigurationIsVisible = 0;
			defaultConfigurationName = Release;
		};
/* End XCConfigurationList section */
	};
	rootObject = 239650C824E43EAF0057282B /* Project object */;
}
